// !$*UTF8*$!
{
	archiveVersion = 1;
	classes = {
	};
	objectVersion = 55;
	objects = {

/* Begin PBXBuildFile section */
		90309C132836D0FF00AED976 /* JoinView.swift in Sources */ = {isa = PBXBuildFile; fileRef = 90309C122836D0FF00AED976 /* JoinView.swift */; };
		90403A332833B00F00DBF781 /* AbubleApp.swift in Sources */ = {isa = PBXBuildFile; fileRef = 90403A322833B00F00DBF781 /* AbubleApp.swift */; };
		90403A352833B00F00DBF781 /* ContentView.swift in Sources */ = {isa = PBXBuildFile; fileRef = 90403A342833B00F00DBF781 /* ContentView.swift */; };
		90403A372833B01100DBF781 /* Assets.xcassets in Resources */ = {isa = PBXBuildFile; fileRef = 90403A362833B01100DBF781 /* Assets.xcassets */; };
		90403A3A2833B01100DBF781 /* Preview Assets.xcassets in Resources */ = {isa = PBXBuildFile; fileRef = 90403A392833B01100DBF781 /* Preview Assets.xcassets */; };
		90403A412833B0A100DBF781 /* MatrixView.swift in Sources */ = {isa = PBXBuildFile; fileRef = 90403A402833B0A100DBF781 /* MatrixView.swift */; };
		90403A432833DBEA00DBF781 /* CellView.swift in Sources */ = {isa = PBXBuildFile; fileRef = 90403A422833DBEA00DBF781 /* CellView.swift */; };
		90403A452834005B00DBF781 /* Cell.swift in Sources */ = {isa = PBXBuildFile; fileRef = 90403A442834005B00DBF781 /* Cell.swift */; };
		909C18A228381F23007A9AE6 /* MiniGame.swift in Sources */ = {isa = PBXBuildFile; fileRef = 909C18A128381F23007A9AE6 /* MiniGame.swift */; };
		909C18A428381F7C007A9AE6 /* MiniGameView.swift in Sources */ = {isa = PBXBuildFile; fileRef = 909C18A328381F7C007A9AE6 /* MiniGameView.swift */; };
		90B89EEA28372C1700A886D2 /* GameKit.framework in Frameworks */ = {isa = PBXBuildFile; fileRef = 90B89EE928372C1700A886D2 /* GameKit.framework */; };
		90B89EEC28372F6500A886D2 /* User.swift in Sources */ = {isa = PBXBuildFile; fileRef = 90B89EEB28372F6500A886D2 /* User.swift */; };
		90B89EEE28373AFA00A886D2 /* GameRoomView.swift in Sources */ = {isa = PBXBuildFile; fileRef = 90B89EED28373AFA00A886D2 /* GameRoomView.swift */; };
		90B904D12835C5D5007D857F /* PaintView.swift in Sources */ = {isa = PBXBuildFile; fileRef = 90B904D02835C5D5007D857F /* PaintView.swift */; };
		90B904D32835C91E007D857F /* Matrix.swift in Sources */ = {isa = PBXBuildFile; fileRef = 90B904D22835C91E007D857F /* Matrix.swift */; };
		90B904DC2835D2B0007D857F /* Montserrat-Regular.ttf in Resources */ = {isa = PBXBuildFile; fileRef = 90B904DA2835D2AF007D857F /* Montserrat-Regular.ttf */; };
		90B904E02835D584007D857F /* PressStart2P-Regular.ttf in Resources */ = {isa = PBXBuildFile; fileRef = 90B904DF2835D583007D857F /* PressStart2P-Regular.ttf */; };
		90B904E22835DB91007D857F /* HomeView.swift in Sources */ = {isa = PBXBuildFile; fileRef = 90B904E12835DB91007D857F /* HomeView.swift */; };
/* End PBXBuildFile section */

/* Begin PBXFileReference section */
		90309C122836D0FF00AED976 /* JoinView.swift */ = {isa = PBXFileReference; lastKnownFileType = sourcecode.swift; path = JoinView.swift; sourceTree = "<group>"; };
		90403A2F2833B00F00DBF781 /* Abuble.app */ = {isa = PBXFileReference; explicitFileType = wrapper.application; includeInIndex = 0; path = Abuble.app; sourceTree = BUILT_PRODUCTS_DIR; };
		90403A322833B00F00DBF781 /* AbubleApp.swift */ = {isa = PBXFileReference; lastKnownFileType = sourcecode.swift; path = AbubleApp.swift; sourceTree = "<group>"; };
		90403A342833B00F00DBF781 /* ContentView.swift */ = {isa = PBXFileReference; lastKnownFileType = sourcecode.swift; path = ContentView.swift; sourceTree = "<group>"; };
		90403A362833B01100DBF781 /* Assets.xcassets */ = {isa = PBXFileReference; lastKnownFileType = folder.assetcatalog; path = Assets.xcassets; sourceTree = "<group>"; };
		90403A392833B01100DBF781 /* Preview Assets.xcassets */ = {isa = PBXFileReference; lastKnownFileType = folder.assetcatalog; path = "Preview Assets.xcassets"; sourceTree = "<group>"; };
		90403A402833B0A100DBF781 /* MatrixView.swift */ = {isa = PBXFileReference; lastKnownFileType = sourcecode.swift; path = MatrixView.swift; sourceTree = "<group>"; };
		90403A422833DBEA00DBF781 /* CellView.swift */ = {isa = PBXFileReference; lastKnownFileType = sourcecode.swift; path = CellView.swift; sourceTree = "<group>"; };
		90403A442834005B00DBF781 /* Cell.swift */ = {isa = PBXFileReference; lastKnownFileType = sourcecode.swift; path = Cell.swift; sourceTree = "<group>"; };
		909C18A128381F23007A9AE6 /* MiniGame.swift */ = {isa = PBXFileReference; lastKnownFileType = sourcecode.swift; path = MiniGame.swift; sourceTree = "<group>"; };
		909C18A328381F7C007A9AE6 /* MiniGameView.swift */ = {isa = PBXFileReference; lastKnownFileType = sourcecode.swift; path = MiniGameView.swift; sourceTree = "<group>"; };
		90B89EE4283729A100A886D2 /* Montserrat-Regular.ttf */ = {isa = PBXFileReference; lastKnownFileType = file; path = "Montserrat-Regular.ttf"; sourceTree = "<group>"; };
		90B89EE928372C1700A886D2 /* GameKit.framework */ = {isa = PBXFileReference; lastKnownFileType = wrapper.framework; name = GameKit.framework; path = System/Library/Frameworks/GameKit.framework; sourceTree = SDKROOT; };
		90B89EEB28372F6500A886D2 /* User.swift */ = {isa = PBXFileReference; lastKnownFileType = sourcecode.swift; path = User.swift; sourceTree = "<group>"; };
		90B89EED28373AFA00A886D2 /* GameRoomView.swift */ = {isa = PBXFileReference; lastKnownFileType = sourcecode.swift; path = GameRoomView.swift; sourceTree = "<group>"; };
		90B904D02835C5D5007D857F /* PaintView.swift */ = {isa = PBXFileReference; lastKnownFileType = sourcecode.swift; path = PaintView.swift; sourceTree = "<group>"; };
		90B904D22835C91E007D857F /* Matrix.swift */ = {isa = PBXFileReference; lastKnownFileType = sourcecode.swift; path = Matrix.swift; sourceTree = "<group>"; };
		90B904DA2835D2AF007D857F /* Montserrat-Regular.ttf */ = {isa = PBXFileReference; lastKnownFileType = file; name = "Montserrat-Regular.ttf"; path = "../../../Fonts/Montserrat-Regular.ttf"; sourceTree = "<group>"; };
		90B904DE2835D361007D857F /* Info.plist */ = {isa = PBXFileReference; lastKnownFileType = text.plist; path = Info.plist; sourceTree = "<group>"; };
		90B904DF2835D583007D857F /* PressStart2P-Regular.ttf */ = {isa = PBXFileReference; lastKnownFileType = file; path = "PressStart2P-Regular.ttf"; sourceTree = "<group>"; };
		90B904E12835DB91007D857F /* HomeView.swift */ = {isa = PBXFileReference; lastKnownFileType = sourcecode.swift; path = HomeView.swift; sourceTree = "<group>"; };
/* End PBXFileReference section */

/* Begin PBXFrameworksBuildPhase section */
		90403A2C2833B00F00DBF781 /* Frameworks */ = {
			isa = PBXFrameworksBuildPhase;
			buildActionMask = 2147483647;
			files = (
				90B89EEA28372C1700A886D2 /* GameKit.framework in Frameworks */,
			);
			runOnlyForDeploymentPostprocessing = 0;
		};
/* End PBXFrameworksBuildPhase section */

/* Begin PBXGroup section */
		90403A262833B00F00DBF781 = {
			isa = PBXGroup;
			children = (
				90403A312833B00F00DBF781 /* Abuble */,
				90403A302833B00F00DBF781 /* Products */,
				90B89EE828372C1700A886D2 /* Frameworks */,
			);
			sourceTree = "<group>";
		};
		90403A302833B00F00DBF781 /* Products */ = {
			isa = PBXGroup;
			children = (
				90403A2F2833B00F00DBF781 /* Abuble.app */,
			);
			name = Products;
			sourceTree = "<group>";
		};
		90403A312833B00F00DBF781 /* Abuble */ = {
			isa = PBXGroup;
			children = (
				90B89EE32837299B00A886D2 /* Fonts */,
				90B89EE22837296D00A886D2 /* Models */,
				909C18A728382178007A9AE6 /* Components */,
				90B89EE12837296200A886D2 /* Views */,
				90B904DE2835D361007D857F /* Info.plist */,
				90403A322833B00F00DBF781 /* AbubleApp.swift */,
				90403A362833B01100DBF781 /* Assets.xcassets */,
				90403A382833B01100DBF781 /* Preview Content */,
				90B904DA2835D2AF007D857F /* Montserrat-Regular.ttf */,
			);
			path = Abuble;
			sourceTree = "<group>";
		};
		90403A382833B01100DBF781 /* Preview Content */ = {
			isa = PBXGroup;
			children = (
				90403A392833B01100DBF781 /* Preview Assets.xcassets */,
			);
			path = "Preview Content";
			sourceTree = "<group>";
		};
		909C18A728382178007A9AE6 /* Components */ = {
			isa = PBXGroup;
			children = (
				90403A422833DBEA00DBF781 /* CellView.swift */,
				90403A402833B0A100DBF781 /* MatrixView.swift */,
				909C18A328381F7C007A9AE6 /* MiniGameView.swift */,
			);
			path = Components;
			sourceTree = "<group>";
		};
		90B89EE12837296200A886D2 /* Views */ = {
			isa = PBXGroup;
			children = (
				90403A342833B00F00DBF781 /* ContentView.swift */,
				90B904E12835DB91007D857F /* HomeView.swift */,
				90309C122836D0FF00AED976 /* JoinView.swift */,
				90B904D02835C5D5007D857F /* PaintView.swift */,
				90B89EED28373AFA00A886D2 /* GameRoomView.swift */,
			);
			path = Views;
			sourceTree = "<group>";
		};
		90B89EE22837296D00A886D2 /* Models */ = {
			isa = PBXGroup;
			children = (
				90B904D22835C91E007D857F /* Matrix.swift */,
				90403A442834005B00DBF781 /* Cell.swift */,
				90B89EEB28372F6500A886D2 /* User.swift */,
				909C18A128381F23007A9AE6 /* MiniGame.swift */,
			);
			path = Models;
			sourceTree = "<group>";
		};
		90B89EE32837299B00A886D2 /* Fonts */ = {
			isa = PBXGroup;
			children = (
				90B89EE4283729A100A886D2 /* Montserrat-Regular.ttf */,
				90B904DF2835D583007D857F /* PressStart2P-Regular.ttf */,
			);
			path = Fonts;
			sourceTree = "<group>";
		};
		90B89EE828372C1700A886D2 /* Frameworks */ = {
			isa = PBXGroup;
			children = (
				90B89EE928372C1700A886D2 /* GameKit.framework */,
			);
			name = Frameworks;
			sourceTree = "<group>";
		};
/* End PBXGroup section */

/* Begin PBXNativeTarget section */
		90403A2E2833B00F00DBF781 /* Abuble */ = {
			isa = PBXNativeTarget;
			buildConfigurationList = 90403A3D2833B01100DBF781 /* Build configuration list for PBXNativeTarget "Abuble" */;
			buildPhases = (
				90403A2B2833B00F00DBF781 /* Sources */,
				90403A2C2833B00F00DBF781 /* Frameworks */,
				90403A2D2833B00F00DBF781 /* Resources */,
			);
			buildRules = (
			);
			dependencies = (
			);
			name = Abuble;
			productName = Abuble;
			productReference = 90403A2F2833B00F00DBF781 /* Abuble.app */;
			productType = "com.apple.product-type.application";
		};
/* End PBXNativeTarget section */

/* Begin PBXProject section */
		90403A272833B00F00DBF781 /* Project object */ = {
			isa = PBXProject;
			attributes = {
				BuildIndependentTargetsInParallel = 1;
				LastSwiftUpdateCheck = 1320;
				LastUpgradeCheck = 1320;
				TargetAttributes = {
					90403A2E2833B00F00DBF781 = {
						CreatedOnToolsVersion = 13.2.1;
					};
				};
			};
			buildConfigurationList = 90403A2A2833B00F00DBF781 /* Build configuration list for PBXProject "Abuble" */;
			compatibilityVersion = "Xcode 13.0";
			developmentRegion = en;
			hasScannedForEncodings = 0;
			knownRegions = (
				en,
				Base,
			);
			mainGroup = 90403A262833B00F00DBF781;
			productRefGroup = 90403A302833B00F00DBF781 /* Products */;
			projectDirPath = "";
			projectRoot = "";
			targets = (
				90403A2E2833B00F00DBF781 /* Abuble */,
			);
		};
/* End PBXProject section */

/* Begin PBXResourcesBuildPhase section */
		90403A2D2833B00F00DBF781 /* Resources */ = {
			isa = PBXResourcesBuildPhase;
			buildActionMask = 2147483647;
			files = (
				90B904E02835D584007D857F /* PressStart2P-Regular.ttf in Resources */,
				90B904DC2835D2B0007D857F /* Montserrat-Regular.ttf in Resources */,
				90403A3A2833B01100DBF781 /* Preview Assets.xcassets in Resources */,
				90403A372833B01100DBF781 /* Assets.xcassets in Resources */,
			);
			runOnlyForDeploymentPostprocessing = 0;
		};
/* End PBXResourcesBuildPhase section */

/* Begin PBXSourcesBuildPhase section */
		90403A2B2833B00F00DBF781 /* Sources */ = {
			isa = PBXSourcesBuildPhase;
			buildActionMask = 2147483647;
			files = (
				909C18A228381F23007A9AE6 /* MiniGame.swift in Sources */,
				90B904D32835C91E007D857F /* Matrix.swift in Sources */,
				90309C132836D0FF00AED976 /* JoinView.swift in Sources */,
				90403A352833B00F00DBF781 /* ContentView.swift in Sources */,
				90403A432833DBEA00DBF781 /* CellView.swift in Sources */,
				90403A452834005B00DBF781 /* Cell.swift in Sources */,
				90403A332833B00F00DBF781 /* AbubleApp.swift in Sources */,
				90B904E22835DB91007D857F /* HomeView.swift in Sources */,
				90B89EEE28373AFA00A886D2 /* GameRoomView.swift in Sources */,
				90403A412833B0A100DBF781 /* MatrixView.swift in Sources */,
				909C18A428381F7C007A9AE6 /* MiniGameView.swift in Sources */,
				90B89EEC28372F6500A886D2 /* User.swift in Sources */,
				90B904D12835C5D5007D857F /* PaintView.swift in Sources */,
			);
			runOnlyForDeploymentPostprocessing = 0;
		};
/* End PBXSourcesBuildPhase section */

/* Begin XCBuildConfiguration section */
		90403A3B2833B01100DBF781 /* Debug */ = {
			isa = XCBuildConfiguration;
			buildSettings = {
				ALWAYS_SEARCH_USER_PATHS = NO;
				CLANG_ANALYZER_NONNULL = YES;
				CLANG_ANALYZER_NUMBER_OBJECT_CONVERSION = YES_AGGRESSIVE;
				CLANG_CXX_LANGUAGE_STANDARD = "gnu++17";
				CLANG_CXX_LIBRARY = "libc++";
				CLANG_ENABLE_MODULES = YES;
				CLANG_ENABLE_OBJC_ARC = YES;
				CLANG_ENABLE_OBJC_WEAK = YES;
				CLANG_WARN_BLOCK_CAPTURE_AUTORELEASING = YES;
				CLANG_WARN_BOOL_CONVERSION = YES;
				CLANG_WARN_COMMA = YES;
				CLANG_WARN_CONSTANT_CONVERSION = YES;
				CLANG_WARN_DEPRECATED_OBJC_IMPLEMENTATIONS = YES;
				CLANG_WARN_DIRECT_OBJC_ISA_USAGE = YES_ERROR;
				CLANG_WARN_DOCUMENTATION_COMMENTS = YES;
				CLANG_WARN_EMPTY_BODY = YES;
				CLANG_WARN_ENUM_CONVERSION = YES;
				CLANG_WARN_INFINITE_RECURSION = YES;
				CLANG_WARN_INT_CONVERSION = YES;
				CLANG_WARN_NON_LITERAL_NULL_CONVERSION = YES;
				CLANG_WARN_OBJC_IMPLICIT_RETAIN_SELF = YES;
				CLANG_WARN_OBJC_LITERAL_CONVERSION = YES;
				CLANG_WARN_OBJC_ROOT_CLASS = YES_ERROR;
				CLANG_WARN_QUOTED_INCLUDE_IN_FRAMEWORK_HEADER = YES;
				CLANG_WARN_RANGE_LOOP_ANALYSIS = YES;
				CLANG_WARN_STRICT_PROTOTYPES = YES;
				CLANG_WARN_SUSPICIOUS_MOVE = YES;
				CLANG_WARN_UNGUARDED_AVAILABILITY = YES_AGGRESSIVE;
				CLANG_WARN_UNREACHABLE_CODE = YES;
				CLANG_WARN__DUPLICATE_METHOD_MATCH = YES;
				COPY_PHASE_STRIP = NO;
				DEBUG_INFORMATION_FORMAT = dwarf;
				ENABLE_STRICT_OBJC_MSGSEND = YES;
				ENABLE_TESTABILITY = YES;
				GCC_C_LANGUAGE_STANDARD = gnu11;
				GCC_DYNAMIC_NO_PIC = NO;
				GCC_NO_COMMON_BLOCKS = YES;
				GCC_OPTIMIZATION_LEVEL = 0;
				GCC_PREPROCESSOR_DEFINITIONS = (
					"DEBUG=1",
					"$(inherited)",
				);
				GCC_WARN_64_TO_32_BIT_CONVERSION = YES;
				GCC_WARN_ABOUT_RETURN_TYPE = YES_ERROR;
				GCC_WARN_UNDECLARED_SELECTOR = YES;
				GCC_WARN_UNINITIALIZED_AUTOS = YES_AGGRESSIVE;
				GCC_WARN_UNUSED_FUNCTION = YES;
				GCC_WARN_UNUSED_VARIABLE = YES;
				IPHONEOS_DEPLOYMENT_TARGET = 15.2;
				MTL_ENABLE_DEBUG_INFO = INCLUDE_SOURCE;
				MTL_FAST_MATH = YES;
				ONLY_ACTIVE_ARCH = YES;
				SDKROOT = iphoneos;
				SWIFT_ACTIVE_COMPILATION_CONDITIONS = DEBUG;
				SWIFT_OPTIMIZATION_LEVEL = "-Onone";
			};
			name = Debug;
		};
		90403A3C2833B01100DBF781 /* Release */ = {
			isa = XCBuildConfiguration;
			buildSettings = {
				ALWAYS_SEARCH_USER_PATHS = NO;
				CLANG_ANALYZER_NONNULL = YES;
				CLANG_ANALYZER_NUMBER_OBJECT_CONVERSION = YES_AGGRESSIVE;
				CLANG_CXX_LANGUAGE_STANDARD = "gnu++17";
				CLANG_CXX_LIBRARY = "libc++";
				CLANG_ENABLE_MODULES = YES;
				CLANG_ENABLE_OBJC_ARC = YES;
				CLANG_ENABLE_OBJC_WEAK = YES;
				CLANG_WARN_BLOCK_CAPTURE_AUTORELEASING = YES;
				CLANG_WARN_BOOL_CONVERSION = YES;
				CLANG_WARN_COMMA = YES;
				CLANG_WARN_CONSTANT_CONVERSION = YES;
				CLANG_WARN_DEPRECATED_OBJC_IMPLEMENTATIONS = YES;
				CLANG_WARN_DIRECT_OBJC_ISA_USAGE = YES_ERROR;
				CLANG_WARN_DOCUMENTATION_COMMENTS = YES;
				CLANG_WARN_EMPTY_BODY = YES;
				CLANG_WARN_ENUM_CONVERSION = YES;
				CLANG_WARN_INFINITE_RECURSION = YES;
				CLANG_WARN_INT_CONVERSION = YES;
				CLANG_WARN_NON_LITERAL_NULL_CONVERSION = YES;
				CLANG_WARN_OBJC_IMPLICIT_RETAIN_SELF = YES;
				CLANG_WARN_OBJC_LITERAL_CONVERSION = YES;
				CLANG_WARN_OBJC_ROOT_CLASS = YES_ERROR;
				CLANG_WARN_QUOTED_INCLUDE_IN_FRAMEWORK_HEADER = YES;
				CLANG_WARN_RANGE_LOOP_ANALYSIS = YES;
				CLANG_WARN_STRICT_PROTOTYPES = YES;
				CLANG_WARN_SUSPICIOUS_MOVE = YES;
				CLANG_WARN_UNGUARDED_AVAILABILITY = YES_AGGRESSIVE;
				CLANG_WARN_UNREACHABLE_CODE = YES;
				CLANG_WARN__DUPLICATE_METHOD_MATCH = YES;
				COPY_PHASE_STRIP = NO;
				DEBUG_INFORMATION_FORMAT = "dwarf-with-dsym";
				ENABLE_NS_ASSERTIONS = NO;
				ENABLE_STRICT_OBJC_MSGSEND = YES;
				GCC_C_LANGUAGE_STANDARD = gnu11;
				GCC_NO_COMMON_BLOCKS = YES;
				GCC_WARN_64_TO_32_BIT_CONVERSION = YES;
				GCC_WARN_ABOUT_RETURN_TYPE = YES_ERROR;
				GCC_WARN_UNDECLARED_SELECTOR = YES;
				GCC_WARN_UNINITIALIZED_AUTOS = YES_AGGRESSIVE;
				GCC_WARN_UNUSED_FUNCTION = YES;
				GCC_WARN_UNUSED_VARIABLE = YES;
				IPHONEOS_DEPLOYMENT_TARGET = 15.2;
				MTL_ENABLE_DEBUG_INFO = NO;
				MTL_FAST_MATH = YES;
				SDKROOT = iphoneos;
				SWIFT_COMPILATION_MODE = wholemodule;
				SWIFT_OPTIMIZATION_LEVEL = "-O";
				VALIDATE_PRODUCT = YES;
			};
			name = Release;
		};
		90403A3E2833B01100DBF781 /* Debug */ = {
			isa = XCBuildConfiguration;
			buildSettings = {
				ASSETCATALOG_COMPILER_APPICON_NAME = AppIcon;
				ASSETCATALOG_COMPILER_GLOBAL_ACCENT_COLOR_NAME = AccentColor;
				CODE_SIGN_STYLE = Automatic;
				CURRENT_PROJECT_VERSION = 1;
				DEVELOPMENT_ASSET_PATHS = "\"Abuble/Preview Content\"";
				DEVELOPMENT_TEAM = H988DFAXFF;
				ENABLE_PREVIEWS = YES;
				GENERATE_INFOPLIST_FILE = YES;
				INFOPLIST_FILE = Abuble/Info.plist;
				INFOPLIST_KEY_CFBundleDisplayName = Pisco;
				INFOPLIST_KEY_UIApplicationSceneManifest_Generation = YES;
				INFOPLIST_KEY_UIApplicationSupportsIndirectInputEvents = YES;
				INFOPLIST_KEY_UILaunchScreen_Generation = YES;
				INFOPLIST_KEY_UIRequiredDeviceCapabilities = gamekit;
				INFOPLIST_KEY_UISupportedInterfaceOrientations_iPad = "UIInterfaceOrientationPortrait UIInterfaceOrientationPortraitUpsideDown UIInterfaceOrientationLandscapeLeft UIInterfaceOrientationLandscapeRight";
				INFOPLIST_KEY_UISupportedInterfaceOrientations_iPhone = "UIInterfaceOrientationPortrait UIInterfaceOrientationLandscapeLeft UIInterfaceOrientationLandscapeRight";
				LD_RUNPATH_SEARCH_PATHS = (
					"$(inherited)",
					"@executable_path/Frameworks",
				);
				MARKETING_VERSION = 1.0;
				PRODUCT_BUNDLE_IDENTIFIER = com.paschoalin.Abuble;
				PRODUCT_NAME = "$(TARGET_NAME)";
				SWIFT_EMIT_LOC_STRINGS = YES;
				SWIFT_VERSION = 5.0;
				TARGETED_DEVICE_FAMILY = "1,2";
			};
			name = Debug;
		};
		90403A3F2833B01100DBF781 /* Release */ = {
			isa = XCBuildConfiguration;
			buildSettings = {
				ASSETCATALOG_COMPILER_APPICON_NAME = AppIcon;
				ASSETCATALOG_COMPILER_GLOBAL_ACCENT_COLOR_NAME = AccentColor;
				CODE_SIGN_STYLE = Automatic;
				CURRENT_PROJECT_VERSION = 1;
				DEVELOPMENT_ASSET_PATHS = "\"Abuble/Preview Content\"";
				DEVELOPMENT_TEAM = H988DFAXFF;
				ENABLE_PREVIEWS = YES;
				GENERATE_INFOPLIST_FILE = YES;
				INFOPLIST_FILE = Abuble/Info.plist;
				INFOPLIST_KEY_CFBundleDisplayName = Pisco;
				INFOPLIST_KEY_UIApplicationSceneManifest_Generation = YES;
				INFOPLIST_KEY_UIApplicationSupportsIndirectInputEvents = YES;
				INFOPLIST_KEY_UILaunchScreen_Generation = YES;
				INFOPLIST_KEY_UIRequiredDeviceCapabilities = gamekit;
				INFOPLIST_KEY_UISupportedInterfaceOrientations_iPad = "UIInterfaceOrientationPortrait UIInterfaceOrientationPortraitUpsideDown UIInterfaceOrientationLandscapeLeft UIInterfaceOrientationLandscapeRight";
				INFOPLIST_KEY_UISupportedInterfaceOrientations_iPhone = "UIInterfaceOrientationPortrait UIInterfaceOrientationLandscapeLeft UIInterfaceOrientationLandscapeRight";
				LD_RUNPATH_SEARCH_PATHS = (
					"$(inherited)",
					"@executable_path/Frameworks",
				);
				MARKETING_VERSION = 1.0;
				PRODUCT_BUNDLE_IDENTIFIER = com.paschoalin.Abuble;
				PRODUCT_NAME = "$(TARGET_NAME)";
				SWIFT_EMIT_LOC_STRINGS = YES;
				SWIFT_VERSION = 5.0;
				TARGETED_DEVICE_FAMILY = "1,2";
			};
			name = Release;
		};
/* End XCBuildConfiguration section */

/* Begin XCConfigurationList section */
		90403A2A2833B00F00DBF781 /* Build configuration list for PBXProject "Abuble" */ = {
			isa = XCConfigurationList;
			buildConfigurations = (
				90403A3B2833B01100DBF781 /* Debug */,
				90403A3C2833B01100DBF781 /* Release */,
			);
			defaultConfigurationIsVisible = 0;
			defaultConfigurationName = Release;
		};
		90403A3D2833B01100DBF781 /* Build configuration list for PBXNativeTarget "Abuble" */ = {
			isa = XCConfigurationList;
			buildConfigurations = (
				90403A3E2833B01100DBF781 /* Debug */,
				90403A3F2833B01100DBF781 /* Release */,
			);
			defaultConfigurationIsVisible = 0;
			defaultConfigurationName = Release;
		};
/* End XCConfigurationList section */
	};
	rootObject = 90403A272833B00F00DBF781 /* Project object */;
}
